// !$*UTF8*$!
{
	archiveVersion = 1;
	classes = {
	};
	objectVersion = 46;
	objects = {

/* Begin PBXBuildFile section */
		CD5F73681ED757CE002F572B /* AppDelegate.swift in Sources */ = {isa = PBXBuildFile; fileRef = CD5F73671ED757CE002F572B /* AppDelegate.swift */; };
		CD5F736A1ED757CE002F572B /* ViewController.swift in Sources */ = {isa = PBXBuildFile; fileRef = CD5F73691ED757CE002F572B /* ViewController.swift */; };
		CD5F736D1ED757CE002F572B /* Main.storyboard in Resources */ = {isa = PBXBuildFile; fileRef = CD5F736B1ED757CE002F572B /* Main.storyboard */; };
		CD5F736F1ED757CE002F572B /* Assets.xcassets in Resources */ = {isa = PBXBuildFile; fileRef = CD5F736E1ED757CE002F572B /* Assets.xcassets */; };
		CD5F73721ED757CE002F572B /* LaunchScreen.storyboard in Resources */ = {isa = PBXBuildFile; fileRef = CD5F73701ED757CE002F572B /* LaunchScreen.storyboard */; };
		CD5F73801ED757E9002F572B /* NotificationCenter.framework in Frameworks */ = {isa = PBXBuildFile; fileRef = CD5F737F1ED757E9002F572B /* NotificationCenter.framework */; };
		CD5F73831ED757E9002F572B /* TodayViewController.swift in Sources */ = {isa = PBXBuildFile; fileRef = CD5F73821ED757E9002F572B /* TodayViewController.swift */; };
		CD5F73861ED757E9002F572B /* MainInterface.storyboard in Resources */ = {isa = PBXBuildFile; fileRef = CD5F73841ED757E9002F572B /* MainInterface.storyboard */; };
		CD5F738A1ED757E9002F572B /* TodayExtensionWidget.appex in Embed App Extensions */ = {isa = PBXBuildFile; fileRef = CD5F737D1ED757E9002F572B /* TodayExtensionWidget.appex */; settings = {ATTRIBUTES = (RemoveHeadersOnCopy, ); }; };
/* End PBXBuildFile section */

/* Begin PBXContainerItemProxy section */
		CD5F73881ED757E9002F572B /* PBXContainerItemProxy */ = {
			isa = PBXContainerItemProxy;
			containerPortal = CD5F735C1ED757CE002F572B /* Project object */;
			proxyType = 1;
			remoteGlobalIDString = CD5F737C1ED757E9002F572B;
			remoteInfo = TodayExtensionWidget;
		};
/* End PBXContainerItemProxy section */

/* Begin PBXCopyFilesBuildPhase section */
		CD5F738E1ED757E9002F572B /* Embed App Extensions */ = {
			isa = PBXCopyFilesBuildPhase;
			buildActionMask = 2147483647;
			dstPath = "";
			dstSubfolderSpec = 13;
			files = (
				CD5F738A1ED757E9002F572B /* TodayExtensionWidget.appex in Embed App Extensions */,
			);
			name = "Embed App Extensions";
			runOnlyForDeploymentPostprocessing = 0;
		};
/* End PBXCopyFilesBuildPhase section */

/* Begin PBXFileReference section */
		CD5F73641ED757CE002F572B /* WidgetPOC.app */ = {isa = PBXFileReference; explicitFileType = wrapper.application; includeInIndex = 0; path = WidgetPOC.app; sourceTree = BUILT_PRODUCTS_DIR; };
		CD5F73671ED757CE002F572B /* AppDelegate.swift */ = {isa = PBXFileReference; lastKnownFileType = sourcecode.swift; path = AppDelegate.swift; sourceTree = "<group>"; };
		CD5F73691ED757CE002F572B /* ViewController.swift */ = {isa = PBXFileReference; lastKnownFileType = sourcecode.swift; path = ViewController.swift; sourceTree = "<group>"; };
		CD5F736C1ED757CE002F572B /* Base */ = {isa = PBXFileReference; lastKnownFileType = file.storyboard; name = Base; path = Base.lproj/Main.storyboard; sourceTree = "<group>"; };
		CD5F736E1ED757CE002F572B /* Assets.xcassets */ = {isa = PBXFileReference; lastKnownFileType = folder.assetcatalog; path = Assets.xcassets; sourceTree = "<group>"; };
		CD5F73711ED757CE002F572B /* Base */ = {isa = PBXFileReference; lastKnownFileType = file.storyboard; name = Base; path = Base.lproj/LaunchScreen.storyboard; sourceTree = "<group>"; };
		CD5F73731ED757CE002F572B /* Info.plist */ = {isa = PBXFileReference; lastKnownFileType = text.plist.xml; path = Info.plist; sourceTree = "<group>"; };
		CD5F737D1ED757E9002F572B /* TodayExtensionWidget.appex */ = {isa = PBXFileReference; explicitFileType = "wrapper.app-extension"; includeInIndex = 0; path = TodayExtensionWidget.appex; sourceTree = BUILT_PRODUCTS_DIR; };
		CD5F737F1ED757E9002F572B /* NotificationCenter.framework */ = {isa = PBXFileReference; lastKnownFileType = wrapper.framework; name = NotificationCenter.framework; path = System/Library/Frameworks/NotificationCenter.framework; sourceTree = SDKROOT; };
		CD5F73821ED757E9002F572B /* TodayViewController.swift */ = {isa = PBXFileReference; lastKnownFileType = sourcecode.swift; path = TodayViewController.swift; sourceTree = "<group>"; };
		CD5F73851ED757E9002F572B /* Base */ = {isa = PBXFileReference; lastKnownFileType = file.storyboard; name = Base; path = Base.lproj/MainInterface.storyboard; sourceTree = "<group>"; };
		CD5F73871ED757E9002F572B /* Info.plist */ = {isa = PBXFileReference; lastKnownFileType = text.plist.xml; path = Info.plist; sourceTree = "<group>"; };
		CD5F738F1ED76090002F572B /* TodayExtensionWidget.entitlements */ = {isa = PBXFileReference; lastKnownFileType = text.plist.entitlements; path = TodayExtensionWidget.entitlements; sourceTree = "<group>"; };
		CD5F73901ED76128002F572B /* WidgetPOC.entitlements */ = {isa = PBXFileReference; lastKnownFileType = text.plist.entitlements; path = WidgetPOC.entitlements; sourceTree = "<group>"; };
/* End PBXFileReference section */

/* Begin PBXFrameworksBuildPhase section */
		CD5F73611ED757CE002F572B /* Frameworks */ = {
			isa = PBXFrameworksBuildPhase;
			buildActionMask = 2147483647;
			files = (
			);
			runOnlyForDeploymentPostprocessing = 0;
		};
		CD5F737A1ED757E9002F572B /* Frameworks */ = {
			isa = PBXFrameworksBuildPhase;
			buildActionMask = 2147483647;
			files = (
				CD5F73801ED757E9002F572B /* NotificationCenter.framework in Frameworks */,
			);
			runOnlyForDeploymentPostprocessing = 0;
		};
/* End PBXFrameworksBuildPhase section */

/* Begin PBXGroup section */
		CD5F735B1ED757CE002F572B = {
			isa = PBXGroup;
			children = (
				CD5F73661ED757CE002F572B /* WidgetPOC */,
				CD5F73811ED757E9002F572B /* TodayExtensionWidget */,
				CD5F737E1ED757E9002F572B /* Frameworks */,
				CD5F73651ED757CE002F572B /* Products */,
			);
			sourceTree = "<group>";
		};
		CD5F73651ED757CE002F572B /* Products */ = {
			isa = PBXGroup;
			children = (
				CD5F73641ED757CE002F572B /* WidgetPOC.app */,
				CD5F737D1ED757E9002F572B /* TodayExtensionWidget.appex */,
			);
			name = Products;
			sourceTree = "<group>";
		};
		CD5F73661ED757CE002F572B /* WidgetPOC */ = {
			isa = PBXGroup;
			children = (
				CD5F73901ED76128002F572B /* WidgetPOC.entitlements */,
				CD5F73671ED757CE002F572B /* AppDelegate.swift */,
				CD5F73691ED757CE002F572B /* ViewController.swift */,
				CD5F736B1ED757CE002F572B /* Main.storyboard */,
				CD5F736E1ED757CE002F572B /* Assets.xcassets */,
				CD5F73701ED757CE002F572B /* LaunchScreen.storyboard */,
				CD5F73731ED757CE002F572B /* Info.plist */,
			);
			path = WidgetPOC;
			sourceTree = "<group>";
		};
		CD5F737E1ED757E9002F572B /* Frameworks */ = {
			isa = PBXGroup;
			children = (
				CD5F737F1ED757E9002F572B /* NotificationCenter.framework */,
			);
			name = Frameworks;
			sourceTree = "<group>";
		};
		CD5F73811ED757E9002F572B /* TodayExtensionWidget */ = {
			isa = PBXGroup;
			children = (
				CD5F738F1ED76090002F572B /* TodayExtensionWidget.entitlements */,
				CD5F73821ED757E9002F572B /* TodayViewController.swift */,
				CD5F73841ED757E9002F572B /* MainInterface.storyboard */,
				CD5F73871ED757E9002F572B /* Info.plist */,
			);
			path = TodayExtensionWidget;
			sourceTree = "<group>";
		};
/* End PBXGroup section */

/* Begin PBXNativeTarget section */
		CD5F73631ED757CE002F572B /* WidgetPOC */ = {
			isa = PBXNativeTarget;
			buildConfigurationList = CD5F73761ED757CE002F572B /* Build configuration list for PBXNativeTarget "WidgetPOC" */;
			buildPhases = (
				CD5F73601ED757CE002F572B /* Sources */,
				CD5F73611ED757CE002F572B /* Frameworks */,
				CD5F73621ED757CE002F572B /* Resources */,
				CD5F738E1ED757E9002F572B /* Embed App Extensions */,
			);
			buildRules = (
			);
			dependencies = (
				CD5F73891ED757E9002F572B /* PBXTargetDependency */,
			);
			name = WidgetPOC;
			productName = WidgetPOC;
			productReference = CD5F73641ED757CE002F572B /* WidgetPOC.app */;
			productType = "com.apple.product-type.application";
		};
		CD5F737C1ED757E9002F572B /* TodayExtensionWidget */ = {
			isa = PBXNativeTarget;
			buildConfigurationList = CD5F738B1ED757E9002F572B /* Build configuration list for PBXNativeTarget "TodayExtensionWidget" */;
			buildPhases = (
				CD5F73791ED757E9002F572B /* Sources */,
				CD5F737A1ED757E9002F572B /* Frameworks */,
				CD5F737B1ED757E9002F572B /* Resources */,
			);
			buildRules = (
			);
			dependencies = (
			);
			name = TodayExtensionWidget;
			productName = TodayExtensionWidget;
			productReference = CD5F737D1ED757E9002F572B /* TodayExtensionWidget.appex */;
			productType = "com.apple.product-type.app-extension";
		};
/* End PBXNativeTarget section */

/* Begin PBXProject section */
		CD5F735C1ED757CE002F572B /* Project object */ = {
			isa = PBXProject;
			attributes = {
				LastSwiftUpdateCheck = 0820;
				LastUpgradeCheck = 0820;
				ORGANIZATIONNAME = "Bu, Terry";
				TargetAttributes = {
					CD5F73631ED757CE002F572B = {
						CreatedOnToolsVersion = 8.2;
						DevelopmentTeam = UL34HQ54BX;
						ProvisioningStyle = Automatic;
						SystemCapabilities = {
							com.apple.ApplicationGroups.iOS = {
								enabled = 1;
							};
						};
					};
					CD5F737C1ED757E9002F572B = {
						CreatedOnToolsVersion = 8.2;
						DevelopmentTeam = UL34HQ54BX;
						ProvisioningStyle = Automatic;
						SystemCapabilities = {
							com.apple.ApplicationGroups.iOS = {
								enabled = 1;
							};
						};
					};
				};
			};
			buildConfigurationList = CD5F735F1ED757CE002F572B /* Build configuration list for PBXProject "WidgetPOC" */;
			compatibilityVersion = "Xcode 3.2";
			developmentRegion = English;
			hasScannedForEncodings = 0;
			knownRegions = (
				en,
				Base,
			);
			mainGroup = CD5F735B1ED757CE002F572B;
			productRefGroup = CD5F73651ED757CE002F572B /* Products */;
			projectDirPath = "";
			projectRoot = "";
			targets = (
				CD5F73631ED757CE002F572B /* WidgetPOC */,
				CD5F737C1ED757E9002F572B /* TodayExtensionWidget */,
			);
		};
/* End PBXProject section */

/* Begin PBXResourcesBuildPhase section */
		CD5F73621ED757CE002F572B /* Resources */ = {
			isa = PBXResourcesBuildPhase;
			buildActionMask = 2147483647;
			files = (
				CD5F73721ED757CE002F572B /* LaunchScreen.storyboard in Resources */,
				CD5F736F1ED757CE002F572B /* Assets.xcassets in Resources */,
				CD5F736D1ED757CE002F572B /* Main.storyboard in Resources */,
			);
			runOnlyForDeploymentPostprocessing = 0;
		};
		CD5F737B1ED757E9002F572B /* Resources */ = {
			isa = PBXResourcesBuildPhase;
			buildActionMask = 2147483647;
			files = (
				CD5F73861ED757E9002F572B /* MainInterface.storyboard in Resources */,
			);
			runOnlyForDeploymentPostprocessing = 0;
		};
/* End PBXResourcesBuildPhase section */

/* Begin PBXSourcesBuildPhase section */
		CD5F73601ED757CE002F572B /* Sources */ = {
			isa = PBXSourcesBuildPhase;
			buildActionMask = 2147483647;
			files = (
				CD5F736A1ED757CE002F572B /* ViewController.swift in Sources */,
				CD5F73681ED757CE002F572B /* AppDelegate.swift in Sources */,
			);
			runOnlyForDeploymentPostprocessing = 0;
		};
		CD5F73791ED757E9002F572B /* Sources */ = {
			isa = PBXSourcesBuildPhase;
			buildActionMask = 2147483647;
			files = (
				CD5F73831ED757E9002F572B /* TodayViewController.swift in Sources */,
			);
			runOnlyForDeploymentPostprocessing = 0;
		};
/* End PBXSourcesBuildPhase section */

/* Begin PBXTargetDependency section */
		CD5F73891ED757E9002F572B /* PBXTargetDependency */ = {
			isa = PBXTargetDependency;
			target = CD5F737C1ED757E9002F572B /* TodayExtensionWidget */;
			targetProxy = CD5F73881ED757E9002F572B /* PBXContainerItemProxy */;
		};
/* End PBXTargetDependency section */

/* Begin PBXVariantGroup section */
		CD5F736B1ED757CE002F572B /* Main.storyboard */ = {
			isa = PBXVariantGroup;
			children = (
				CD5F736C1ED757CE002F572B /* Base */,
			);
			name = Main.storyboard;
			sourceTree = "<group>";
		};
		CD5F73701ED757CE002F572B /* LaunchScreen.storyboard */ = {
			isa = PBXVariantGroup;
			children = (
				CD5F73711ED757CE002F572B /* Base */,
			);
			name = LaunchScreen.storyboard;
			sourceTree = "<group>";
		};
		CD5F73841ED757E9002F572B /* MainInterface.storyboard */ = {
			isa = PBXVariantGroup;
			children = (
				CD5F73851ED757E9002F572B /* Base */,
			);
			name = MainInterface.storyboard;
			sourceTree = "<group>";
		};
/* End PBXVariantGroup section */

/* Begin XCBuildConfiguration section */
		CD5F73741ED757CE002F572B /* Debug */ = {
			isa = XCBuildConfiguration;
			buildSettings = {
				ALWAYS_SEARCH_USER_PATHS = NO;
				CLANG_ANALYZER_NONNULL = YES;
				CLANG_CXX_LANGUAGE_STANDARD = "gnu++0x";
				CLANG_CXX_LIBRARY = "libc++";
				CLANG_ENABLE_MODULES = YES;
				CLANG_ENABLE_OBJC_ARC = YES;
				CLANG_WARN_BOOL_CONVERSION = YES;
				CLANG_WARN_CONSTANT_CONVERSION = YES;
				CLANG_WARN_DIRECT_OBJC_ISA_USAGE = YES_ERROR;
				CLANG_WARN_DOCUMENTATION_COMMENTS = YES;
				CLANG_WARN_EMPTY_BODY = YES;
				CLANG_WARN_ENUM_CONVERSION = YES;
				CLANG_WARN_INFINITE_RECURSION = YES;
				CLANG_WARN_INT_CONVERSION = YES;
				CLANG_WARN_OBJC_ROOT_CLASS = YES_ERROR;
				CLANG_WARN_SUSPICIOUS_MOVE = YES;
				CLANG_WARN_UNREACHABLE_CODE = YES;
				CLANG_WARN__DUPLICATE_METHOD_MATCH = YES;
				"CODE_SIGN_IDENTITY[sdk=iphoneos*]" = "iPhone Developer";
				COPY_PHASE_STRIP = NO;
				DEBUG_INFORMATION_FORMAT = dwarf;
				ENABLE_STRICT_OBJC_MSGSEND = YES;
				ENABLE_TESTABILITY = YES;
				GCC_C_LANGUAGE_STANDARD = gnu99;
				GCC_DYNAMIC_NO_PIC = NO;
				GCC_NO_COMMON_BLOCKS = YES;
				GCC_OPTIMIZATION_LEVEL = 0;
				GCC_PREPROCESSOR_DEFINITIONS = (
					"DEBUG=1",
					"$(inherited)",
				);
				GCC_WARN_64_TO_32_BIT_CONVERSION = YES;
				GCC_WARN_ABOUT_RETURN_TYPE = YES_ERROR;
				GCC_WARN_UNDECLARED_SELECTOR = YES;
				GCC_WARN_UNINITIALIZED_AUTOS = YES_AGGRESSIVE;
				GCC_WARN_UNUSED_FUNCTION = YES;
				GCC_WARN_UNUSED_VARIABLE = YES;
				IPHONEOS_DEPLOYMENT_TARGET = 10.2;
				MTL_ENABLE_DEBUG_INFO = YES;
				ONLY_ACTIVE_ARCH = YES;
				SDKROOT = iphoneos;
				SWIFT_ACTIVE_COMPILATION_CONDITIONS = DEBUG;
				SWIFT_OPTIMIZATION_LEVEL = "-Onone";
				TARGETED_DEVICE_FAMILY = "1,2";
			};
			name = Debug;
		};
		CD5F73751ED757CE002F572B /* Release */ = {
			isa = XCBuildConfiguration;
			buildSettings = {
				ALWAYS_SEARCH_USER_PATHS = NO;
				CLANG_ANALYZER_NONNULL = YES;
				CLANG_CXX_LANGUAGE_STANDARD = "gnu++0x";
				CLANG_CXX_LIBRARY = "libc++";
				CLANG_ENABLE_MODULES = YES;
				CLANG_ENABLE_OBJC_ARC = YES;
				CLANG_WARN_BOOL_CONVERSION = YES;
				CLANG_WARN_CONSTANT_CONVERSION = YES;
				CLANG_WARN_DIRECT_OBJC_ISA_USAGE = YES_ERROR;
				CLANG_WARN_DOCUMENTATION_COMMENTS = YES;
				CLANG_WARN_EMPTY_BODY = YES;
				CLANG_WARN_ENUM_CONVERSION = YES;
				CLANG_WARN_INFINITE_RECURSION = YES;
				CLANG_WARN_INT_CONVERSION = YES;
				CLANG_WARN_OBJC_ROOT_CLASS = YES_ERROR;
				CLANG_WARN_SUSPICIOUS_MOVE = YES;
				CLANG_WARN_UNREACHABLE_CODE = YES;
				CLANG_WARN__DUPLICATE_METHOD_MATCH = YES;
				"CODE_SIGN_IDENTITY[sdk=iphoneos*]" = "iPhone Developer";
				COPY_PHASE_STRIP = NO;
				DEBUG_INFORMATION_FORMAT = "dwarf-with-dsym";
				ENABLE_NS_ASSERTIONS = NO;
				ENABLE_STRICT_OBJC_MSGSEND = YES;
				GCC_C_LANGUAGE_STANDARD = gnu99;
				GCC_NO_COMMON_BLOCKS = YES;
				GCC_WARN_64_TO_32_BIT_CONVERSION = YES;
				GCC_WARN_ABOUT_RETURN_TYPE = YES_ERROR;
				GCC_WARN_UNDECLARED_SELECTOR = YES;
				GCC_WARN_UNINITIALIZED_AUTOS = YES_AGGRESSIVE;
				GCC_WARN_UNUSED_FUNCTION = YES;
				GCC_WARN_UNUSED_VARIABLE = YES;
				IPHONEOS_DEPLOYMENT_TARGET = 10.2;
				MTL_ENABLE_DEBUG_INFO = NO;
				SDKROOT = iphoneos;
				SWIFT_OPTIMIZATION_LEVEL = "-Owholemodule";
				TARGETED_DEVICE_FAMILY = "1,2";
				VALIDATE_PRODUCT = YES;
			};
			name = Release;
		};
		CD5F73771ED757CE002F572B /* Debug */ = {
			isa = XCBuildConfiguration;
			buildSettings = {
				ALWAYS_EMBED_SWIFT_STANDARD_LIBRARIES = YES;
				ASSETCATALOG_COMPILER_APPICON_NAME = AppIcon;
				CODE_SIGN_ENTITLEMENTS = WidgetPOC/WidgetPOC.entitlements;
				DEVELOPMENT_TEAM = UL34HQ54BX;
				INFOPLIST_FILE = WidgetPOC/Info.plist;
				LD_RUNPATH_SEARCH_PATHS = "$(inherited) @executable_path/Frameworks";
				PRODUCT_BUNDLE_IDENTIFIER = test.WidgetPOC;
				PRODUCT_NAME = "$(TARGET_NAME)";
				SWIFT_VERSION = 3.0;
			};
			name = Debug;
		};
		CD5F73781ED757CE002F572B /* Release */ = {
			isa = XCBuildConfiguration;
			buildSettings = {
				ALWAYS_EMBED_SWIFT_STANDARD_LIBRARIES = YES;
				ASSETCATALOG_COMPILER_APPICON_NAME = AppIcon;
				CODE_SIGN_ENTITLEMENTS = WidgetPOC/WidgetPOC.entitlements;
				DEVELOPMENT_TEAM = UL34HQ54BX;
				INFOPLIST_FILE = WidgetPOC/Info.plist;
				LD_RUNPATH_SEARCH_PATHS = "$(inherited) @executable_path/Frameworks";
				PRODUCT_BUNDLE_IDENTIFIER = test.WidgetPOC;
				PRODUCT_NAME = "$(TARGET_NAME)";
				SWIFT_VERSION = 3.0;
			};
			name = Release;
		};
		CD5F738C1ED757E9002F572B /* Debug */ = {
			isa = XCBuildConfiguration;
			buildSettings = {
				CODE_SIGN_ENTITLEMENTS = TodayExtensionWidget/TodayExtensionWidget.entitlements;
				DEVELOPMENT_TEAM = UL34HQ54BX;
				INFOPLIST_FILE = TodayExtensionWidget/Info.plist;
				LD_RUNPATH_SEARCH_PATHS = "$(inherited) @executable_path/Frameworks @executable_path/../../Frameworks";
				PRODUCT_BUNDLE_IDENTIFIER = test.WidgetPOC.TodayExtensionWidget;
				PRODUCT_NAME = "$(TARGET_NAME)";
				SKIP_INSTALL = YES;
				SWIFT_VERSION = 3.0;
			};
			name = Debug;
		};
		CD5F738D1ED757E9002F572B /* Release */ = {
			isa = XCBuildConfiguration;
			buildSettings = {
				CODE_SIGN_ENTITLEMENTS = TodayExtensionWidget/TodayExtensionWidget.entitlements;
				DEVELOPMENT_TEAM = UL34HQ54BX;
				INFOPLIST_FILE = TodayExtensionWidget/Info.plist;
				LD_RUNPATH_SEARCH_PATHS = "$(inherited) @executable_path/Frameworks @executable_path/../../Frameworks";
				PRODUCT_BUNDLE_IDENTIFIER = test.WidgetPOC.TodayExtensionWidget;
				PRODUCT_NAME = "$(TARGET_NAME)";
				SKIP_INSTALL = YES;
				SWIFT_VERSION = 3.0;
			};
			name = Release;
		};
/* End XCBuildConfiguration section */

/* Begin XCConfigurationList section */
		CD5F735F1ED757CE002F572B /* Build configuration list for PBXProject "WidgetPOC" */ = {
			isa = XCConfigurationList;
			buildConfigurations = (
				CD5F73741ED757CE002F572B /* Debug */,
				CD5F73751ED757CE002F572B /* Release */,
			);
			defaultConfigurationIsVisible = 0;
			defaultConfigurationName = Release;
		};
		CD5F73761ED757CE002F572B /* Build configuration list for PBXNativeTarget "WidgetPOC" */ = {
			isa = XCConfigurationList;
			buildConfigurations = (
				CD5F73771ED757CE002F572B /* Debug */,
				CD5F73781ED757CE002F572B /* Release */,
			);
			defaultConfigurationIsVisible = 0;
		};
		CD5F738B1ED757E9002F572B /* Build configuration list for PBXNativeTarget "TodayExtensionWidget" */ = {
			isa = XCConfigurationList;
			buildConfigurations = (
				CD5F738C1ED757E9002F572B /* Debug */,
				CD5F738D1ED757E9002F572B /* Release */,
			);
			defaultConfigurationIsVisible = 0;
		};
/* End XCConfigurationList section */
	};
	rootObject = CD5F735C1ED757CE002F572B /* Project object */;
}
